// !$*UTF8*$!
{
	archiveVersion = 1;
	classes = {
	};
	objectVersion = 56;
	objects = {

/* Begin PBXBuildFile section */
		710D6C692BBE9D1500DDA654 /* GratitudeViewModel.swift in Sources */ = {isa = PBXBuildFile; fileRef = 710D6C682BBE9D1500DDA654 /* GratitudeViewModel.swift */; };
		710D6C6B2BBE9F9600DDA654 /* GratitudeItem.swift in Sources */ = {isa = PBXBuildFile; fileRef = 710D6C6A2BBE9F9600DDA654 /* GratitudeItem.swift */; };
		710D6C6E2BBEBB6100DDA654 /* AddGratitudeView.swift in Sources */ = {isa = PBXBuildFile; fileRef = 710D6C6D2BBEBB6100DDA654 /* AddGratitudeView.swift */; };
		710D6C702BBEBB7600DDA654 /* AddGratitudeViewModel.swift in Sources */ = {isa = PBXBuildFile; fileRef = 710D6C6F2BBEBB7600DDA654 /* AddGratitudeViewModel.swift */; };
		7121C8AD2BC6C42000F5E5DB /* MoodStatsView.swift in Sources */ = {isa = PBXBuildFile; fileRef = 7121C8AC2BC6C42000F5E5DB /* MoodStatsView.swift */; };
		7121C8AF2BC6C43B00F5E5DB /* MoodStatsViewModel.swift in Sources */ = {isa = PBXBuildFile; fileRef = 7121C8AE2BC6C43B00F5E5DB /* MoodStatsViewModel.swift */; };
		7121C8B12BC6C45600F5E5DB /* HabitStatsView.swift in Sources */ = {isa = PBXBuildFile; fileRef = 7121C8B02BC6C45600F5E5DB /* HabitStatsView.swift */; };
		7121C8B32BC6C47300F5E5DB /* HabitStatsViewModel.swift in Sources */ = {isa = PBXBuildFile; fileRef = 7121C8B22BC6C47300F5E5DB /* HabitStatsViewModel.swift */; };
		7121C8B52BC6C48700F5E5DB /* GratitudeStatsView.swift in Sources */ = {isa = PBXBuildFile; fileRef = 7121C8B42BC6C48700F5E5DB /* GratitudeStatsView.swift */; };
		7121C8B72BC6C49E00F5E5DB /* GratitudeStatsViewModel.swift in Sources */ = {isa = PBXBuildFile; fileRef = 7121C8B62BC6C49E00F5E5DB /* GratitudeStatsViewModel.swift */; };
		712991072BBAB35800D55A47 /* HabitTheme.swift in Sources */ = {isa = PBXBuildFile; fileRef = 712991062BBAB35800D55A47 /* HabitTheme.swift */; };
		7137C6B52BE2336F00556B5E /* SubscriptionsView.swift in Sources */ = {isa = PBXBuildFile; fileRef = 7137C6B42BE2336F00556B5E /* SubscriptionsView.swift */; };
		7137C6B72BE2337E00556B5E /* SubscriptionsViewModel.swift in Sources */ = {isa = PBXBuildFile; fileRef = 7137C6B62BE2337E00556B5E /* SubscriptionsViewModel.swift */; };
		7137C6BD2BE2440600556B5E /* RemindersView.swift in Sources */ = {isa = PBXBuildFile; fileRef = 7137C6BC2BE2440600556B5E /* RemindersView.swift */; };
		7137C6BF2BE2441900556B5E /* RemindersViewModel.swift in Sources */ = {isa = PBXBuildFile; fileRef = 7137C6BE2BE2441900556B5E /* RemindersViewModel.swift */; };
		71396DC22BA0A19600B4B1FC /* MoodItem.swift in Sources */ = {isa = PBXBuildFile; fileRef = 71396DC12BA0A19600B4B1FC /* MoodItem.swift */; };
		713E182B2BE8D1C200A29C4A /* ReminderItem.swift in Sources */ = {isa = PBXBuildFile; fileRef = 713E182A2BE8D1C200A29C4A /* ReminderItem.swift */; };
		7141143C2BA1B9E900A9207E /* MoodChartItem.swift in Sources */ = {isa = PBXBuildFile; fileRef = 7141143B2BA1B9E900A9207E /* MoodChartItem.swift */; };
		71513C332BDFAC8C0080366F /* IntroItem.swift in Sources */ = {isa = PBXBuildFile; fileRef = 71513C322BDFAC8C0080366F /* IntroItem.swift */; };
		7153D5992BAC29F300955703 /* HabitViewModel.swift in Sources */ = {isa = PBXBuildFile; fileRef = 7153D5982BAC29F300955703 /* HabitViewModel.swift */; };
		7153D59B2BAC3E7A00955703 /* HabitListView.swift in Sources */ = {isa = PBXBuildFile; fileRef = 7153D59A2BAC3E7A00955703 /* HabitListView.swift */; };
		7153D59D2BAC3E9000955703 /* HabitListViewModel.swift in Sources */ = {isa = PBXBuildFile; fileRef = 7153D59C2BAC3E9000955703 /* HabitListViewModel.swift */; };
		7153D59F2BAC3FF600955703 /* AddHabitView.swift in Sources */ = {isa = PBXBuildFile; fileRef = 7153D59E2BAC3FF600955703 /* AddHabitView.swift */; };
		7153D5A12BAC400B00955703 /* AddHabitViewModel.swift in Sources */ = {isa = PBXBuildFile; fileRef = 7153D5A02BAC400B00955703 /* AddHabitViewModel.swift */; };
		7153D5A72BAC461300955703 /* HabitItem.swift in Sources */ = {isa = PBXBuildFile; fileRef = 7153D5A62BAC461300955703 /* HabitItem.swift */; };
		7153D5A92BAC49FF00955703 /* HabitRow.swift in Sources */ = {isa = PBXBuildFile; fileRef = 7153D5A82BAC49FF00955703 /* HabitRow.swift */; };
		71550D082B888CE10045E7BC /* MeCheckApp.swift in Sources */ = {isa = PBXBuildFile; fileRef = 71550D072B888CE10045E7BC /* MeCheckApp.swift */; };
		71550D0C2B888CE20045E7BC /* Assets.xcassets in Resources */ = {isa = PBXBuildFile; fileRef = 71550D0B2B888CE20045E7BC /* Assets.xcassets */; };
		71550D0F2B888CE20045E7BC /* Preview Assets.xcassets in Resources */ = {isa = PBXBuildFile; fileRef = 71550D0E2B888CE20045E7BC /* Preview Assets.xcassets */; };
		71550D112B888CE20045E7BC /* Persistence.swift in Sources */ = {isa = PBXBuildFile; fileRef = 71550D102B888CE20045E7BC /* Persistence.swift */; };
		71550D142B888CE20045E7BC /* MeCheck.xcdatamodeld in Sources */ = {isa = PBXBuildFile; fileRef = 71550D122B888CE20045E7BC /* MeCheck.xcdatamodeld */; };
		71550D202B888CE20045E7BC /* MeCheckTests.swift in Sources */ = {isa = PBXBuildFile; fileRef = 71550D1F2B888CE20045E7BC /* MeCheckTests.swift */; };
		71550D2A2B888CE20045E7BC /* MeCheckUITests.swift in Sources */ = {isa = PBXBuildFile; fileRef = 71550D292B888CE20045E7BC /* MeCheckUITests.swift */; };
		71550D2C2B888CE20045E7BC /* MeCheckUITestsLaunchTests.swift in Sources */ = {isa = PBXBuildFile; fileRef = 71550D2B2B888CE20045E7BC /* MeCheckUITestsLaunchTests.swift */; };
		71550D392B88946C0045E7BC /* HomeView.swift in Sources */ = {isa = PBXBuildFile; fileRef = 71550D382B88946C0045E7BC /* HomeView.swift */; };
		71583EAC2BE90C8D00757C2E /* AddReminderView.swift in Sources */ = {isa = PBXBuildFile; fileRef = 71583EAB2BE90C8D00757C2E /* AddReminderView.swift */; };
		71583EAE2BE90C9B00757C2E /* AddReminderViewModel.swift in Sources */ = {isa = PBXBuildFile; fileRef = 71583EAD2BE90C9B00757C2E /* AddReminderViewModel.swift */; };
		715901A22BDFD4D100D077A6 /* LandingView.swift in Sources */ = {isa = PBXBuildFile; fileRef = 715901A12BDFD4D100D077A6 /* LandingView.swift */; };
		715D4FA22B91CE7000D35410 /* QuoteItem.swift in Sources */ = {isa = PBXBuildFile; fileRef = 715D4FA12B91CE7000D35410 /* QuoteItem.swift */; };
		715D4FA42B91D79C00D35410 /* HomeViewModel.swift in Sources */ = {isa = PBXBuildFile; fileRef = 715D4FA32B91D79C00D35410 /* HomeViewModel.swift */; };
		716934D92BEA6D9D00E69B22 /* NotificationManager.swift in Sources */ = {isa = PBXBuildFile; fileRef = 716934D82BEA6D9D00E69B22 /* NotificationManager.swift */; };
		716934DB2BEA760600E69B22 /* AppDelegate.swift in Sources */ = {isa = PBXBuildFile; fileRef = 716934DA2BEA760600E69B22 /* AppDelegate.swift */; };
		716DF53D2BE1439D001C0000 /* SettingsViewModel.swift in Sources */ = {isa = PBXBuildFile; fileRef = 716DF53C2BE1439D001C0000 /* SettingsViewModel.swift */; };
		7175EA9E2BA8A0B700507B57 /* Quotes.json in Resources */ = {isa = PBXBuildFile; fileRef = 7175EAA02BA8A0B700507B57 /* Quotes.json */; };
		717BE72D2BC81EAB00B6657D /* CustomCard.swift in Sources */ = {isa = PBXBuildFile; fileRef = 717BE72C2BC81EAB00B6657D /* CustomCard.swift */; };
		71852C5F2BAC73D900D04679 /* AppNavigation.swift in Sources */ = {isa = PBXBuildFile; fileRef = 71852C5E2BAC73D900D04679 /* AppNavigation.swift */; };
		7185C63D2BC00BFB00DA6EA8 /* StatsViewModel.swift in Sources */ = {isa = PBXBuildFile; fileRef = 7185C63C2BC00BFB00DA6EA8 /* StatsViewModel.swift */; };
		7185C6402BC00D5700DA6EA8 /* SegmentedView.swift in Sources */ = {isa = PBXBuildFile; fileRef = 7185C63F2BC00D5700DA6EA8 /* SegmentedView.swift */; };
		7185C6422BC00E9B00DA6EA8 /* MenuItem.swift in Sources */ = {isa = PBXBuildFile; fileRef = 7185C6412BC00E9B00DA6EA8 /* MenuItem.swift */; };
		718EFE422BA04465003EBE2D /* MoodRow.swift in Sources */ = {isa = PBXBuildFile; fileRef = 718EFE412BA04465003EBE2D /* MoodRow.swift */; };
		7192ACDA2BEBB92D0028933F /* EmailService.swift in Sources */ = {isa = PBXBuildFile; fileRef = 7192ACD92BEBB92D0028933F /* EmailService.swift */; };
		7199F89D2B8DE5BF00C95927 /* MoodViewModel.swift in Sources */ = {isa = PBXBuildFile; fileRef = 7199F89C2B8DE5BF00C95927 /* MoodViewModel.swift */; };
		71A70A4C2B8C91E600F6346B /* MoodView.swift in Sources */ = {isa = PBXBuildFile; fileRef = 71A70A4B2B8C91E600F6346B /* MoodView.swift */; };
		71A70A4E2B8C91FA00F6346B /* HabitView.swift in Sources */ = {isa = PBXBuildFile; fileRef = 71A70A4D2B8C91FA00F6346B /* HabitView.swift */; };
		71A70A502B8C920E00F6346B /* GratitudeView.swift in Sources */ = {isa = PBXBuildFile; fileRef = 71A70A4F2B8C920E00F6346B /* GratitudeView.swift */; };
		71A70A522B8C922400F6346B /* StatsView.swift in Sources */ = {isa = PBXBuildFile; fileRef = 71A70A512B8C922400F6346B /* StatsView.swift */; };
		71A70A542B8C923400F6346B /* SettingsView.swift in Sources */ = {isa = PBXBuildFile; fileRef = 71A70A532B8C923400F6346B /* SettingsView.swift */; };
		71B5B1502BA2ED83007A6170 /* IBMPlexSans-Medium.ttf in Resources */ = {isa = PBXBuildFile; fileRef = 71B5B14D2BA2ED83007A6170 /* IBMPlexSans-Medium.ttf */; };
		71B5B1512BA2ED83007A6170 /* IBMPlexSans-SemiBold.ttf in Resources */ = {isa = PBXBuildFile; fileRef = 71B5B14E2BA2ED83007A6170 /* IBMPlexSans-SemiBold.ttf */; };
		71B5B1522BA2ED83007A6170 /* IBMPlexSans-Regular.ttf in Resources */ = {isa = PBXBuildFile; fileRef = 71B5B14F2BA2ED83007A6170 /* IBMPlexSans-Regular.ttf */; };
		71B5B1552BA2F0A7007A6170 /* UIFont+CustomFont.swift in Sources */ = {isa = PBXBuildFile; fileRef = 71B5B1542BA2F0A7007A6170 /* UIFont+CustomFont.swift */; };
		71B5B1572BA2FDAC007A6170 /* CloseImage.swift in Sources */ = {isa = PBXBuildFile; fileRef = 71B5B1562BA2FDAC007A6170 /* CloseImage.swift */; };
		71B5B1592BA30540007A6170 /* Localizable.xcstrings in Resources */ = {isa = PBXBuildFile; fileRef = 71B5B1582BA30540007A6170 /* Localizable.xcstrings */; };
		71BC27162BC7D0910004B85B /* CustomHeader.swift in Sources */ = {isa = PBXBuildFile; fileRef = 71BC27152BC7D0910004B85B /* CustomHeader.swift */; };
		71D606442BD913A000A6CC8B /* IntroView.swift in Sources */ = {isa = PBXBuildFile; fileRef = 71D606432BD913A000A6CC8B /* IntroView.swift */; };
		71D606462BD918A400A6CC8B /* IntroViewModel.swift in Sources */ = {isa = PBXBuildFile; fileRef = 71D606452BD918A400A6CC8B /* IntroViewModel.swift */; };
/* End PBXBuildFile section */

/* Begin PBXContainerItemProxy section */
		71550D1C2B888CE20045E7BC /* PBXContainerItemProxy */ = {
			isa = PBXContainerItemProxy;
			containerPortal = 71550CFC2B888CE10045E7BC /* Project object */;
			proxyType = 1;
			remoteGlobalIDString = 71550D032B888CE10045E7BC;
			remoteInfo = MeCheck;
		};
		71550D262B888CE20045E7BC /* PBXContainerItemProxy */ = {
			isa = PBXContainerItemProxy;
			containerPortal = 71550CFC2B888CE10045E7BC /* Project object */;
			proxyType = 1;
			remoteGlobalIDString = 71550D032B888CE10045E7BC;
			remoteInfo = MeCheck;
		};
/* End PBXContainerItemProxy section */

/* Begin PBXFileReference section */
		710D6C682BBE9D1500DDA654 /* GratitudeViewModel.swift */ = {isa = PBXFileReference; lastKnownFileType = sourcecode.swift; path = GratitudeViewModel.swift; sourceTree = "<group>"; };
		710D6C6A2BBE9F9600DDA654 /* GratitudeItem.swift */ = {isa = PBXFileReference; lastKnownFileType = sourcecode.swift; path = GratitudeItem.swift; sourceTree = "<group>"; };
		710D6C6D2BBEBB6100DDA654 /* AddGratitudeView.swift */ = {isa = PBXFileReference; lastKnownFileType = sourcecode.swift; path = AddGratitudeView.swift; sourceTree = "<group>"; };
		710D6C6F2BBEBB7600DDA654 /* AddGratitudeViewModel.swift */ = {isa = PBXFileReference; lastKnownFileType = sourcecode.swift; path = AddGratitudeViewModel.swift; sourceTree = "<group>"; };
		7121C8AC2BC6C42000F5E5DB /* MoodStatsView.swift */ = {isa = PBXFileReference; lastKnownFileType = sourcecode.swift; path = MoodStatsView.swift; sourceTree = "<group>"; };
		7121C8AE2BC6C43B00F5E5DB /* MoodStatsViewModel.swift */ = {isa = PBXFileReference; lastKnownFileType = sourcecode.swift; path = MoodStatsViewModel.swift; sourceTree = "<group>"; };
		7121C8B02BC6C45600F5E5DB /* HabitStatsView.swift */ = {isa = PBXFileReference; lastKnownFileType = sourcecode.swift; path = HabitStatsView.swift; sourceTree = "<group>"; };
		7121C8B22BC6C47300F5E5DB /* HabitStatsViewModel.swift */ = {isa = PBXFileReference; lastKnownFileType = sourcecode.swift; path = HabitStatsViewModel.swift; sourceTree = "<group>"; };
		7121C8B42BC6C48700F5E5DB /* GratitudeStatsView.swift */ = {isa = PBXFileReference; lastKnownFileType = sourcecode.swift; path = GratitudeStatsView.swift; sourceTree = "<group>"; };
		7121C8B62BC6C49E00F5E5DB /* GratitudeStatsViewModel.swift */ = {isa = PBXFileReference; lastKnownFileType = sourcecode.swift; path = GratitudeStatsViewModel.swift; sourceTree = "<group>"; };
		712991062BBAB35800D55A47 /* HabitTheme.swift */ = {isa = PBXFileReference; lastKnownFileType = sourcecode.swift; path = HabitTheme.swift; sourceTree = "<group>"; };
		7137C6B42BE2336F00556B5E /* SubscriptionsView.swift */ = {isa = PBXFileReference; lastKnownFileType = sourcecode.swift; path = SubscriptionsView.swift; sourceTree = "<group>"; };
		7137C6B62BE2337E00556B5E /* SubscriptionsViewModel.swift */ = {isa = PBXFileReference; lastKnownFileType = sourcecode.swift; path = SubscriptionsViewModel.swift; sourceTree = "<group>"; };
		7137C6BC2BE2440600556B5E /* RemindersView.swift */ = {isa = PBXFileReference; lastKnownFileType = sourcecode.swift; path = RemindersView.swift; sourceTree = "<group>"; };
		7137C6BE2BE2441900556B5E /* RemindersViewModel.swift */ = {isa = PBXFileReference; lastKnownFileType = sourcecode.swift; path = RemindersViewModel.swift; sourceTree = "<group>"; };
		71396DC12BA0A19600B4B1FC /* MoodItem.swift */ = {isa = PBXFileReference; lastKnownFileType = sourcecode.swift; path = MoodItem.swift; sourceTree = "<group>"; };
		713E182A2BE8D1C200A29C4A /* ReminderItem.swift */ = {isa = PBXFileReference; lastKnownFileType = sourcecode.swift; path = ReminderItem.swift; sourceTree = "<group>"; };
		7141143B2BA1B9E900A9207E /* MoodChartItem.swift */ = {isa = PBXFileReference; lastKnownFileType = sourcecode.swift; path = MoodChartItem.swift; sourceTree = "<group>"; };
		71513C322BDFAC8C0080366F /* IntroItem.swift */ = {isa = PBXFileReference; lastKnownFileType = sourcecode.swift; path = IntroItem.swift; sourceTree = "<group>"; };
		7153D5982BAC29F300955703 /* HabitViewModel.swift */ = {isa = PBXFileReference; lastKnownFileType = sourcecode.swift; path = HabitViewModel.swift; sourceTree = "<group>"; };
		7153D59A2BAC3E7A00955703 /* HabitListView.swift */ = {isa = PBXFileReference; lastKnownFileType = sourcecode.swift; path = HabitListView.swift; sourceTree = "<group>"; };
		7153D59C2BAC3E9000955703 /* HabitListViewModel.swift */ = {isa = PBXFileReference; lastKnownFileType = sourcecode.swift; path = HabitListViewModel.swift; sourceTree = "<group>"; };
		7153D59E2BAC3FF600955703 /* AddHabitView.swift */ = {isa = PBXFileReference; lastKnownFileType = sourcecode.swift; path = AddHabitView.swift; sourceTree = "<group>"; };
		7153D5A02BAC400B00955703 /* AddHabitViewModel.swift */ = {isa = PBXFileReference; lastKnownFileType = sourcecode.swift; path = AddHabitViewModel.swift; sourceTree = "<group>"; };
		7153D5A62BAC461300955703 /* HabitItem.swift */ = {isa = PBXFileReference; lastKnownFileType = sourcecode.swift; path = HabitItem.swift; sourceTree = "<group>"; };
		7153D5A82BAC49FF00955703 /* HabitRow.swift */ = {isa = PBXFileReference; lastKnownFileType = sourcecode.swift; path = HabitRow.swift; sourceTree = "<group>"; };
		71550D042B888CE10045E7BC /* MeCheck.app */ = {isa = PBXFileReference; explicitFileType = wrapper.application; includeInIndex = 0; path = MeCheck.app; sourceTree = BUILT_PRODUCTS_DIR; };
		71550D072B888CE10045E7BC /* MeCheckApp.swift */ = {isa = PBXFileReference; lastKnownFileType = sourcecode.swift; path = MeCheckApp.swift; sourceTree = "<group>"; };
		71550D0B2B888CE20045E7BC /* Assets.xcassets */ = {isa = PBXFileReference; lastKnownFileType = folder.assetcatalog; path = Assets.xcassets; sourceTree = "<group>"; };
		71550D0E2B888CE20045E7BC /* Preview Assets.xcassets */ = {isa = PBXFileReference; lastKnownFileType = folder.assetcatalog; path = "Preview Assets.xcassets"; sourceTree = "<group>"; };
		71550D102B888CE20045E7BC /* Persistence.swift */ = {isa = PBXFileReference; lastKnownFileType = sourcecode.swift; path = Persistence.swift; sourceTree = "<group>"; };
		71550D132B888CE20045E7BC /* MeCheck.xcdatamodel */ = {isa = PBXFileReference; lastKnownFileType = wrapper.xcdatamodel; path = MeCheck.xcdatamodel; sourceTree = "<group>"; };
		71550D152B888CE20045E7BC /* MeCheck.entitlements */ = {isa = PBXFileReference; lastKnownFileType = text.plist.entitlements; path = MeCheck.entitlements; sourceTree = "<group>"; };
		71550D162B888CE20045E7BC /* Info.plist */ = {isa = PBXFileReference; lastKnownFileType = text.plist.xml; path = Info.plist; sourceTree = "<group>"; };
		71550D1B2B888CE20045E7BC /* MeCheckTests.xctest */ = {isa = PBXFileReference; explicitFileType = wrapper.cfbundle; includeInIndex = 0; path = MeCheckTests.xctest; sourceTree = BUILT_PRODUCTS_DIR; };
		71550D1F2B888CE20045E7BC /* MeCheckTests.swift */ = {isa = PBXFileReference; lastKnownFileType = sourcecode.swift; path = MeCheckTests.swift; sourceTree = "<group>"; };
		71550D252B888CE20045E7BC /* MeCheckUITests.xctest */ = {isa = PBXFileReference; explicitFileType = wrapper.cfbundle; includeInIndex = 0; path = MeCheckUITests.xctest; sourceTree = BUILT_PRODUCTS_DIR; };
		71550D292B888CE20045E7BC /* MeCheckUITests.swift */ = {isa = PBXFileReference; lastKnownFileType = sourcecode.swift; path = MeCheckUITests.swift; sourceTree = "<group>"; };
		71550D2B2B888CE20045E7BC /* MeCheckUITestsLaunchTests.swift */ = {isa = PBXFileReference; lastKnownFileType = sourcecode.swift; path = MeCheckUITestsLaunchTests.swift; sourceTree = "<group>"; };
		71550D382B88946C0045E7BC /* HomeView.swift */ = {isa = PBXFileReference; lastKnownFileType = sourcecode.swift; path = HomeView.swift; sourceTree = "<group>"; };
		71583EAB2BE90C8D00757C2E /* AddReminderView.swift */ = {isa = PBXFileReference; lastKnownFileType = sourcecode.swift; path = AddReminderView.swift; sourceTree = "<group>"; };
		71583EAD2BE90C9B00757C2E /* AddReminderViewModel.swift */ = {isa = PBXFileReference; lastKnownFileType = sourcecode.swift; path = AddReminderViewModel.swift; sourceTree = "<group>"; };
		715901A12BDFD4D100D077A6 /* LandingView.swift */ = {isa = PBXFileReference; lastKnownFileType = sourcecode.swift; path = LandingView.swift; sourceTree = "<group>"; };
		715D4FA12B91CE7000D35410 /* QuoteItem.swift */ = {isa = PBXFileReference; lastKnownFileType = sourcecode.swift; path = QuoteItem.swift; sourceTree = "<group>"; };
		715D4FA32B91D79C00D35410 /* HomeViewModel.swift */ = {isa = PBXFileReference; lastKnownFileType = sourcecode.swift; path = HomeViewModel.swift; sourceTree = "<group>"; };
		716934D82BEA6D9D00E69B22 /* NotificationManager.swift */ = {isa = PBXFileReference; lastKnownFileType = sourcecode.swift; path = NotificationManager.swift; sourceTree = "<group>"; };
		716934DA2BEA760600E69B22 /* AppDelegate.swift */ = {isa = PBXFileReference; lastKnownFileType = sourcecode.swift; path = AppDelegate.swift; sourceTree = "<group>"; };
		716DF53C2BE1439D001C0000 /* SettingsViewModel.swift */ = {isa = PBXFileReference; lastKnownFileType = sourcecode.swift; path = SettingsViewModel.swift; sourceTree = "<group>"; };
		7175EA9F2BA8A0B700507B57 /* en */ = {isa = PBXFileReference; lastKnownFileType = text.json; name = en; path = en.lproj/Quotes.json; sourceTree = "<group>"; };
		7175EAA12BA8A0BC00507B57 /* zh-Hans */ = {isa = PBXFileReference; lastKnownFileType = text.json; name = "zh-Hans"; path = "zh-Hans.lproj/Quotes.json"; sourceTree = "<group>"; };
		7175EAA22BA8A0BD00507B57 /* da */ = {isa = PBXFileReference; lastKnownFileType = text.json; name = da; path = da.lproj/Quotes.json; sourceTree = "<group>"; };
		7175EAA32BA8A0BE00507B57 /* fi */ = {isa = PBXFileReference; lastKnownFileType = text.json; name = fi; path = fi.lproj/Quotes.json; sourceTree = "<group>"; };
		7175EAA42BA8A0BF00507B57 /* fr */ = {isa = PBXFileReference; lastKnownFileType = text.json; name = fr; path = fr.lproj/Quotes.json; sourceTree = "<group>"; };
		7175EAA52BA8A0C000507B57 /* de */ = {isa = PBXFileReference; lastKnownFileType = text.json; name = de; path = de.lproj/Quotes.json; sourceTree = "<group>"; };
		7175EAA62BA8A0C100507B57 /* it */ = {isa = PBXFileReference; lastKnownFileType = text.json; name = it; path = it.lproj/Quotes.json; sourceTree = "<group>"; };
		7175EAA72BA8A0C200507B57 /* ja */ = {isa = PBXFileReference; lastKnownFileType = text.json; name = ja; path = ja.lproj/Quotes.json; sourceTree = "<group>"; };
		7175EAA82BA8A0C400507B57 /* ko */ = {isa = PBXFileReference; lastKnownFileType = text.json; name = ko; path = ko.lproj/Quotes.json; sourceTree = "<group>"; };
		7175EAA92BA8A0C400507B57 /* nb */ = {isa = PBXFileReference; lastKnownFileType = text.json; name = nb; path = nb.lproj/Quotes.json; sourceTree = "<group>"; };
		7175EAAA2BA8A0C500507B57 /* pl */ = {isa = PBXFileReference; lastKnownFileType = text.json; name = pl; path = pl.lproj/Quotes.json; sourceTree = "<group>"; };
		7175EAAB2BA8A0C600507B57 /* pt */ = {isa = PBXFileReference; lastKnownFileType = text.json; name = pt; path = pt.lproj/Quotes.json; sourceTree = "<group>"; };
		7175EAAC2BA8A0C600507B57 /* es */ = {isa = PBXFileReference; lastKnownFileType = text.json; name = es; path = es.lproj/Quotes.json; sourceTree = "<group>"; };
		7175EAAD2BA8A0C700507B57 /* sv */ = {isa = PBXFileReference; lastKnownFileType = text.json; name = sv; path = sv.lproj/Quotes.json; sourceTree = "<group>"; };
		7175EAAE2BA8A19200507B57 /* Base */ = {isa = PBXFileReference; lastKnownFileType = text.json; name = Base; path = Base.lproj/Quotes.json; sourceTree = "<group>"; };
		717BE72C2BC81EAB00B6657D /* CustomCard.swift */ = {isa = PBXFileReference; lastKnownFileType = sourcecode.swift; path = CustomCard.swift; sourceTree = "<group>"; };
		71852C5E2BAC73D900D04679 /* AppNavigation.swift */ = {isa = PBXFileReference; lastKnownFileType = sourcecode.swift; path = AppNavigation.swift; sourceTree = "<group>"; };
		7185C63C2BC00BFB00DA6EA8 /* StatsViewModel.swift */ = {isa = PBXFileReference; lastKnownFileType = sourcecode.swift; path = StatsViewModel.swift; sourceTree = "<group>"; };
		7185C63F2BC00D5700DA6EA8 /* SegmentedView.swift */ = {isa = PBXFileReference; lastKnownFileType = sourcecode.swift; path = SegmentedView.swift; sourceTree = "<group>"; };
		7185C6412BC00E9B00DA6EA8 /* MenuItem.swift */ = {isa = PBXFileReference; lastKnownFileType = sourcecode.swift; path = MenuItem.swift; sourceTree = "<group>"; };
		718EFE412BA04465003EBE2D /* MoodRow.swift */ = {isa = PBXFileReference; lastKnownFileType = sourcecode.swift; path = MoodRow.swift; sourceTree = "<group>"; };
		7192ACD92BEBB92D0028933F /* EmailService.swift */ = {isa = PBXFileReference; lastKnownFileType = sourcecode.swift; path = EmailService.swift; sourceTree = "<group>"; };
		7199F89C2B8DE5BF00C95927 /* MoodViewModel.swift */ = {isa = PBXFileReference; lastKnownFileType = sourcecode.swift; path = MoodViewModel.swift; sourceTree = "<group>"; };
		71A70A4B2B8C91E600F6346B /* MoodView.swift */ = {isa = PBXFileReference; lastKnownFileType = sourcecode.swift; path = MoodView.swift; sourceTree = "<group>"; };
		71A70A4D2B8C91FA00F6346B /* HabitView.swift */ = {isa = PBXFileReference; lastKnownFileType = sourcecode.swift; path = HabitView.swift; sourceTree = "<group>"; };
		71A70A4F2B8C920E00F6346B /* GratitudeView.swift */ = {isa = PBXFileReference; lastKnownFileType = sourcecode.swift; path = GratitudeView.swift; sourceTree = "<group>"; };
		71A70A512B8C922400F6346B /* StatsView.swift */ = {isa = PBXFileReference; lastKnownFileType = sourcecode.swift; path = StatsView.swift; sourceTree = "<group>"; };
		71A70A532B8C923400F6346B /* SettingsView.swift */ = {isa = PBXFileReference; lastKnownFileType = sourcecode.swift; path = SettingsView.swift; sourceTree = "<group>"; };
		71B5B14D2BA2ED83007A6170 /* IBMPlexSans-Medium.ttf */ = {isa = PBXFileReference; lastKnownFileType = file; path = "IBMPlexSans-Medium.ttf"; sourceTree = "<group>"; };
		71B5B14E2BA2ED83007A6170 /* IBMPlexSans-SemiBold.ttf */ = {isa = PBXFileReference; lastKnownFileType = file; path = "IBMPlexSans-SemiBold.ttf"; sourceTree = "<group>"; };
		71B5B14F2BA2ED83007A6170 /* IBMPlexSans-Regular.ttf */ = {isa = PBXFileReference; lastKnownFileType = file; path = "IBMPlexSans-Regular.ttf"; sourceTree = "<group>"; };
		71B5B1542BA2F0A7007A6170 /* UIFont+CustomFont.swift */ = {isa = PBXFileReference; lastKnownFileType = sourcecode.swift; path = "UIFont+CustomFont.swift"; sourceTree = "<group>"; };
		71B5B1562BA2FDAC007A6170 /* CloseImage.swift */ = {isa = PBXFileReference; lastKnownFileType = sourcecode.swift; path = CloseImage.swift; sourceTree = "<group>"; };
		71B5B1582BA30540007A6170 /* Localizable.xcstrings */ = {isa = PBXFileReference; lastKnownFileType = text.json.xcstrings; path = Localizable.xcstrings; sourceTree = "<group>"; };
		71BC27152BC7D0910004B85B /* CustomHeader.swift */ = {isa = PBXFileReference; lastKnownFileType = sourcecode.swift; path = CustomHeader.swift; sourceTree = "<group>"; };
		71D606432BD913A000A6CC8B /* IntroView.swift */ = {isa = PBXFileReference; lastKnownFileType = sourcecode.swift; path = IntroView.swift; sourceTree = "<group>"; };
		71D606452BD918A400A6CC8B /* IntroViewModel.swift */ = {isa = PBXFileReference; lastKnownFileType = sourcecode.swift; path = IntroViewModel.swift; sourceTree = "<group>"; };
/* End PBXFileReference section */

/* Begin PBXFrameworksBuildPhase section */
		71550D012B888CE10045E7BC /* Frameworks */ = {
			isa = PBXFrameworksBuildPhase;
			buildActionMask = 2147483647;
			files = (
			);
			runOnlyForDeploymentPostprocessing = 0;
		};
		71550D182B888CE20045E7BC /* Frameworks */ = {
			isa = PBXFrameworksBuildPhase;
			buildActionMask = 2147483647;
			files = (
			);
			runOnlyForDeploymentPostprocessing = 0;
		};
		71550D222B888CE20045E7BC /* Frameworks */ = {
			isa = PBXFrameworksBuildPhase;
			buildActionMask = 2147483647;
			files = (
			);
			runOnlyForDeploymentPostprocessing = 0;
		};
/* End PBXFrameworksBuildPhase section */

/* Begin PBXGroup section */
		710D6C6C2BBEAA2000DDA654 /* Gratitude */ = {
			isa = PBXGroup;
			children = (
				71A70A4F2B8C920E00F6346B /* GratitudeView.swift */,
				710D6C682BBE9D1500DDA654 /* GratitudeViewModel.swift */,
				710D6C6D2BBEBB6100DDA654 /* AddGratitudeView.swift */,
				710D6C6F2BBEBB7600DDA654 /* AddGratitudeViewModel.swift */,
			);
			path = Gratitude;
			sourceTree = "<group>";
		};
		7153D5A22BAC401E00955703 /* Habits */ = {
			isa = PBXGroup;
			children = (
				71A70A4D2B8C91FA00F6346B /* HabitView.swift */,
				7153D5982BAC29F300955703 /* HabitViewModel.swift */,
				7153D59A2BAC3E7A00955703 /* HabitListView.swift */,
				7153D59C2BAC3E9000955703 /* HabitListViewModel.swift */,
				7153D5A82BAC49FF00955703 /* HabitRow.swift */,
				7153D59E2BAC3FF600955703 /* AddHabitView.swift */,
				7153D5A02BAC400B00955703 /* AddHabitViewModel.swift */,
			);
			path = Habits;
			sourceTree = "<group>";
		};
		7153D5A32BAC402900955703 /* Moods */ = {
			isa = PBXGroup;
			children = (
				71A70A4B2B8C91E600F6346B /* MoodView.swift */,
				7199F89C2B8DE5BF00C95927 /* MoodViewModel.swift */,
				718EFE412BA04465003EBE2D /* MoodRow.swift */,
			);
			path = Moods;
			sourceTree = "<group>";
		};
		7153D5A42BAC405A00955703 /* CustomViews */ = {
			isa = PBXGroup;
			children = (
				7185C63F2BC00D5700DA6EA8 /* SegmentedView.swift */,
				71B5B1562BA2FDAC007A6170 /* CloseImage.swift */,
				71BC27152BC7D0910004B85B /* CustomHeader.swift */,
				717BE72C2BC81EAB00B6657D /* CustomCard.swift */,
			);
			path = CustomViews;
			sourceTree = "<group>";
		};
		7153D5A52BAC407E00955703 /* Home */ = {
			isa = PBXGroup;
			children = (
				71550D382B88946C0045E7BC /* HomeView.swift */,
				715D4FA32B91D79C00D35410 /* HomeViewModel.swift */,
			);
			path = Home;
			sourceTree = "<group>";
		};
		71550CFB2B888CE10045E7BC = {
			isa = PBXGroup;
			children = (
				71550D062B888CE10045E7BC /* MeCheck */,
				71550D1E2B888CE20045E7BC /* MeCheckTests */,
				71550D282B888CE20045E7BC /* MeCheckUITests */,
				71550D052B888CE10045E7BC /* Products */,
			);
			sourceTree = "<group>";
		};
		71550D052B888CE10045E7BC /* Products */ = {
			isa = PBXGroup;
			children = (
				71550D042B888CE10045E7BC /* MeCheck.app */,
				71550D1B2B888CE20045E7BC /* MeCheckTests.xctest */,
				71550D252B888CE20045E7BC /* MeCheckUITests.xctest */,
			);
			name = Products;
			sourceTree = "<group>";
		};
		71550D062B888CE10045E7BC /* MeCheck */ = {
			isa = PBXGroup;
			children = (
				71550D072B888CE10045E7BC /* MeCheckApp.swift */,
				716934DA2BEA760600E69B22 /* AppDelegate.swift */,
				7153D5A52BAC407E00955703 /* Home */,
				7153D5A32BAC402900955703 /* Moods */,
				7153D5A22BAC401E00955703 /* Habits */,
				710D6C6C2BBEAA2000DDA654 /* Gratitude */,
				7185C63E2BC00D3200DA6EA8 /* Statistics */,
				716DF53E2BE14901001C0000 /* Settings */,
				716DF53F2BE14911001C0000 /* Intro */,
				715901A12BDFD4D100D077A6 /* LandingView.swift */,
				71550D0B2B888CE20045E7BC /* Assets.xcassets */,
				71550D102B888CE20045E7BC /* Persistence.swift */,
				71852C5E2BAC73D900D04679 /* AppNavigation.swift */,
				7153D5A42BAC405A00955703 /* CustomViews */,
				71B5B1532BA2EDA7007A6170 /* Fonts */,
				71B5B14C2BA2ED3D007A6170 /* Model */,
				7175EAA02BA8A0B700507B57 /* Quotes.json */,
				71550D152B888CE20045E7BC /* MeCheck.entitlements */,
				71550D162B888CE20045E7BC /* Info.plist */,
				71550D122B888CE20045E7BC /* MeCheck.xcdatamodeld */,
				71B5B1582BA30540007A6170 /* Localizable.xcstrings */,
				71550D0D2B888CE20045E7BC /* Preview Content */,
			);
			path = MeCheck;
			sourceTree = "<group>";
		};
		71550D0D2B888CE20045E7BC /* Preview Content */ = {
			isa = PBXGroup;
			children = (
				71550D0E2B888CE20045E7BC /* Preview Assets.xcassets */,
			);
			path = "Preview Content";
			sourceTree = "<group>";
		};
		71550D1E2B888CE20045E7BC /* MeCheckTests */ = {
			isa = PBXGroup;
			children = (
				71550D1F2B888CE20045E7BC /* MeCheckTests.swift */,
			);
			path = MeCheckTests;
			sourceTree = "<group>";
		};
		71550D282B888CE20045E7BC /* MeCheckUITests */ = {
			isa = PBXGroup;
			children = (
				71550D292B888CE20045E7BC /* MeCheckUITests.swift */,
				71550D2B2B888CE20045E7BC /* MeCheckUITestsLaunchTests.swift */,
			);
			path = MeCheckUITests;
			sourceTree = "<group>";
		};
		716DF53E2BE14901001C0000 /* Settings */ = {
			isa = PBXGroup;
			children = (
				71A70A532B8C923400F6346B /* SettingsView.swift */,
				716DF53C2BE1439D001C0000 /* SettingsViewModel.swift */,
				7137C6B42BE2336F00556B5E /* SubscriptionsView.swift */,
				7137C6B62BE2337E00556B5E /* SubscriptionsViewModel.swift */,
				7137C6BC2BE2440600556B5E /* RemindersView.swift */,
				7137C6BE2BE2441900556B5E /* RemindersViewModel.swift */,
				71583EAB2BE90C8D00757C2E /* AddReminderView.swift */,
				71583EAD2BE90C9B00757C2E /* AddReminderViewModel.swift */,
				716934D82BEA6D9D00E69B22 /* NotificationManager.swift */,
				7192ACD92BEBB92D0028933F /* EmailService.swift */,
			);
			path = Settings;
			sourceTree = "<group>";
		};
		716DF53F2BE14911001C0000 /* Intro */ = {
			isa = PBXGroup;
			children = (
				71D606432BD913A000A6CC8B /* IntroView.swift */,
				71D606452BD918A400A6CC8B /* IntroViewModel.swift */,
			);
			path = Intro;
			sourceTree = "<group>";
		};
		7185C63E2BC00D3200DA6EA8 /* Statistics */ = {
			isa = PBXGroup;
			children = (
				71A70A512B8C922400F6346B /* StatsView.swift */,
				7185C63C2BC00BFB00DA6EA8 /* StatsViewModel.swift */,
				7121C8AC2BC6C42000F5E5DB /* MoodStatsView.swift */,
				7121C8AE2BC6C43B00F5E5DB /* MoodStatsViewModel.swift */,
				7121C8B02BC6C45600F5E5DB /* HabitStatsView.swift */,
				7121C8B22BC6C47300F5E5DB /* HabitStatsViewModel.swift */,
				7121C8B42BC6C48700F5E5DB /* GratitudeStatsView.swift */,
				7121C8B62BC6C49E00F5E5DB /* GratitudeStatsViewModel.swift */,
			);
			path = Statistics;
			sourceTree = "<group>";
		};
		71B5B14C2BA2ED3D007A6170 /* Model */ = {
			isa = PBXGroup;
			children = (
				715D4FA12B91CE7000D35410 /* QuoteItem.swift */,
				71396DC12BA0A19600B4B1FC /* MoodItem.swift */,
				7141143B2BA1B9E900A9207E /* MoodChartItem.swift */,
				7153D5A62BAC461300955703 /* HabitItem.swift */,
				712991062BBAB35800D55A47 /* HabitTheme.swift */,
				710D6C6A2BBE9F9600DDA654 /* GratitudeItem.swift */,
				7185C6412BC00E9B00DA6EA8 /* MenuItem.swift */,
				71513C322BDFAC8C0080366F /* IntroItem.swift */,
				713E182A2BE8D1C200A29C4A /* ReminderItem.swift */,
			);
			path = Model;
			sourceTree = "<group>";
		};
		71B5B1532BA2EDA7007A6170 /* Fonts */ = {
			isa = PBXGroup;
			children = (
				71B5B1542BA2F0A7007A6170 /* UIFont+CustomFont.swift */,
				71B5B14D2BA2ED83007A6170 /* IBMPlexSans-Medium.ttf */,
				71B5B14F2BA2ED83007A6170 /* IBMPlexSans-Regular.ttf */,
				71B5B14E2BA2ED83007A6170 /* IBMPlexSans-SemiBold.ttf */,
			);
			path = Fonts;
			sourceTree = "<group>";
		};
/* End PBXGroup section */

/* Begin PBXNativeTarget section */
		71550D032B888CE10045E7BC /* MeCheck */ = {
			isa = PBXNativeTarget;
			buildConfigurationList = 71550D2F2B888CE20045E7BC /* Build configuration list for PBXNativeTarget "MeCheck" */;
			buildPhases = (
				71550D002B888CE10045E7BC /* Sources */,
				71550D012B888CE10045E7BC /* Frameworks */,
				71550D022B888CE10045E7BC /* Resources */,
			);
			buildRules = (
			);
			dependencies = (
			);
			name = MeCheck;
			productName = MeCheck;
			productReference = 71550D042B888CE10045E7BC /* MeCheck.app */;
			productType = "com.apple.product-type.application";
		};
		71550D1A2B888CE20045E7BC /* MeCheckTests */ = {
			isa = PBXNativeTarget;
			buildConfigurationList = 71550D322B888CE20045E7BC /* Build configuration list for PBXNativeTarget "MeCheckTests" */;
			buildPhases = (
				71550D172B888CE20045E7BC /* Sources */,
				71550D182B888CE20045E7BC /* Frameworks */,
				71550D192B888CE20045E7BC /* Resources */,
			);
			buildRules = (
			);
			dependencies = (
				71550D1D2B888CE20045E7BC /* PBXTargetDependency */,
			);
			name = MeCheckTests;
			productName = MeCheckTests;
			productReference = 71550D1B2B888CE20045E7BC /* MeCheckTests.xctest */;
			productType = "com.apple.product-type.bundle.unit-test";
		};
		71550D242B888CE20045E7BC /* MeCheckUITests */ = {
			isa = PBXNativeTarget;
			buildConfigurationList = 71550D352B888CE20045E7BC /* Build configuration list for PBXNativeTarget "MeCheckUITests" */;
			buildPhases = (
				71550D212B888CE20045E7BC /* Sources */,
				71550D222B888CE20045E7BC /* Frameworks */,
				71550D232B888CE20045E7BC /* Resources */,
			);
			buildRules = (
			);
			dependencies = (
				71550D272B888CE20045E7BC /* PBXTargetDependency */,
			);
			name = MeCheckUITests;
			productName = MeCheckUITests;
			productReference = 71550D252B888CE20045E7BC /* MeCheckUITests.xctest */;
			productType = "com.apple.product-type.bundle.ui-testing";
		};
/* End PBXNativeTarget section */

/* Begin PBXProject section */
		71550CFC2B888CE10045E7BC /* Project object */ = {
			isa = PBXProject;
			attributes = {
				BuildIndependentTargetsInParallel = 1;
				LastSwiftUpdateCheck = 1520;
				LastUpgradeCheck = 1520;
				TargetAttributes = {
					71550D032B888CE10045E7BC = {
						CreatedOnToolsVersion = 15.2;
					};
					71550D1A2B888CE20045E7BC = {
						CreatedOnToolsVersion = 15.2;
						TestTargetID = 71550D032B888CE10045E7BC;
					};
					71550D242B888CE20045E7BC = {
						CreatedOnToolsVersion = 15.2;
						TestTargetID = 71550D032B888CE10045E7BC;
					};
				};
			};
			buildConfigurationList = 71550CFF2B888CE10045E7BC /* Build configuration list for PBXProject "MeCheck" */;
			compatibilityVersion = "Xcode 14.0";
			developmentRegion = en;
			hasScannedForEncodings = 0;
			knownRegions = (
				en,
				Base,
				de,
				fr,
				es,
				it,
				ja,
				ko,
				pt,
				"zh-Hans",
				fi,
				da,
				pl,
				sv,
				nb,
			);
			mainGroup = 71550CFB2B888CE10045E7BC;
			productRefGroup = 71550D052B888CE10045E7BC /* Products */;
			projectDirPath = "";
			projectRoot = "";
			targets = (
				71550D032B888CE10045E7BC /* MeCheck */,
				71550D1A2B888CE20045E7BC /* MeCheckTests */,
				71550D242B888CE20045E7BC /* MeCheckUITests */,
			);
		};
/* End PBXProject section */

/* Begin PBXResourcesBuildPhase section */
		71550D022B888CE10045E7BC /* Resources */ = {
			isa = PBXResourcesBuildPhase;
			buildActionMask = 2147483647;
			files = (
				71550D0F2B888CE20045E7BC /* Preview Assets.xcassets in Resources */,
				7175EA9E2BA8A0B700507B57 /* Quotes.json in Resources */,
				71B5B1512BA2ED83007A6170 /* IBMPlexSans-SemiBold.ttf in Resources */,
				71B5B1502BA2ED83007A6170 /* IBMPlexSans-Medium.ttf in Resources */,
				71B5B1522BA2ED83007A6170 /* IBMPlexSans-Regular.ttf in Resources */,
				71B5B1592BA30540007A6170 /* Localizable.xcstrings in Resources */,
				71550D0C2B888CE20045E7BC /* Assets.xcassets in Resources */,
			);
			runOnlyForDeploymentPostprocessing = 0;
		};
		71550D192B888CE20045E7BC /* Resources */ = {
			isa = PBXResourcesBuildPhase;
			buildActionMask = 2147483647;
			files = (
			);
			runOnlyForDeploymentPostprocessing = 0;
		};
		71550D232B888CE20045E7BC /* Resources */ = {
			isa = PBXResourcesBuildPhase;
			buildActionMask = 2147483647;
			files = (
			);
			runOnlyForDeploymentPostprocessing = 0;
		};
/* End PBXResourcesBuildPhase section */

/* Begin PBXSourcesBuildPhase section */
		71550D002B888CE10045E7BC /* Sources */ = {
			isa = PBXSourcesBuildPhase;
			buildActionMask = 2147483647;
			files = (
				71550D142B888CE20045E7BC /* MeCheck.xcdatamodeld in Sources */,
				716DF53D2BE1439D001C0000 /* SettingsViewModel.swift in Sources */,
				7121C8B12BC6C45600F5E5DB /* HabitStatsView.swift in Sources */,
				7153D59B2BAC3E7A00955703 /* HabitListView.swift in Sources */,
				7192ACDA2BEBB92D0028933F /* EmailService.swift in Sources */,
				71B5B1552BA2F0A7007A6170 /* UIFont+CustomFont.swift in Sources */,
				71D606462BD918A400A6CC8B /* IntroViewModel.swift in Sources */,
				715D4FA22B91CE7000D35410 /* QuoteItem.swift in Sources */,
				71396DC22BA0A19600B4B1FC /* MoodItem.swift in Sources */,
				7121C8AD2BC6C42000F5E5DB /* MoodStatsView.swift in Sources */,
				7121C8B72BC6C49E00F5E5DB /* GratitudeStatsViewModel.swift in Sources */,
				7185C6402BC00D5700DA6EA8 /* SegmentedView.swift in Sources */,
				71BC27162BC7D0910004B85B /* CustomHeader.swift in Sources */,
				7199F89D2B8DE5BF00C95927 /* MoodViewModel.swift in Sources */,
				7185C63D2BC00BFB00DA6EA8 /* StatsViewModel.swift in Sources */,
				710D6C6B2BBE9F9600DDA654 /* GratitudeItem.swift in Sources */,
				710D6C6E2BBEBB6100DDA654 /* AddGratitudeView.swift in Sources */,
				718EFE422BA04465003EBE2D /* MoodRow.swift in Sources */,
				71A70A4C2B8C91E600F6346B /* MoodView.swift in Sources */,
				71513C332BDFAC8C0080366F /* IntroItem.swift in Sources */,
				71583EAC2BE90C8D00757C2E /* AddReminderView.swift in Sources */,
				716934DB2BEA760600E69B22 /* AppDelegate.swift in Sources */,
				71A70A502B8C920E00F6346B /* GratitudeView.swift in Sources */,
				71852C5F2BAC73D900D04679 /* AppNavigation.swift in Sources */,
				7121C8B52BC6C48700F5E5DB /* GratitudeStatsView.swift in Sources */,
				71550D112B888CE20045E7BC /* Persistence.swift in Sources */,
				710D6C692BBE9D1500DDA654 /* GratitudeViewModel.swift in Sources */,
				7121C8B32BC6C47300F5E5DB /* HabitStatsViewModel.swift in Sources */,
				71B5B1572BA2FDAC007A6170 /* CloseImage.swift in Sources */,
				7121C8AF2BC6C43B00F5E5DB /* MoodStatsViewModel.swift in Sources */,
				7137C6B72BE2337E00556B5E /* SubscriptionsViewModel.swift in Sources */,
				7153D5A12BAC400B00955703 /* AddHabitViewModel.swift in Sources */,
				717BE72D2BC81EAB00B6657D /* CustomCard.swift in Sources */,
				712991072BBAB35800D55A47 /* HabitTheme.swift in Sources */,
				71A70A4E2B8C91FA00F6346B /* HabitView.swift in Sources */,
				71550D392B88946C0045E7BC /* HomeView.swift in Sources */,
				715D4FA42B91D79C00D35410 /* HomeViewModel.swift in Sources */,
				710D6C702BBEBB7600DDA654 /* AddGratitudeViewModel.swift in Sources */,
				7137C6BF2BE2441900556B5E /* RemindersViewModel.swift in Sources */,
				7153D59F2BAC3FF600955703 /* AddHabitView.swift in Sources */,
				7153D5A92BAC49FF00955703 /* HabitRow.swift in Sources */,
				7153D5A72BAC461300955703 /* HabitItem.swift in Sources */,
				715901A22BDFD4D100D077A6 /* LandingView.swift in Sources */,
				7137C6B52BE2336F00556B5E /* SubscriptionsView.swift in Sources */,
				71550D082B888CE10045E7BC /* MeCheckApp.swift in Sources */,
				713E182B2BE8D1C200A29C4A /* ReminderItem.swift in Sources */,
				716934D92BEA6D9D00E69B22 /* NotificationManager.swift in Sources */,
				71D606442BD913A000A6CC8B /* IntroView.swift in Sources */,
				71A70A522B8C922400F6346B /* StatsView.swift in Sources */,
				71583EAE2BE90C9B00757C2E /* AddReminderViewModel.swift in Sources */,
				7141143C2BA1B9E900A9207E /* MoodChartItem.swift in Sources */,
				7153D59D2BAC3E9000955703 /* HabitListViewModel.swift in Sources */,
				7137C6BD2BE2440600556B5E /* RemindersView.swift in Sources */,
				7185C6422BC00E9B00DA6EA8 /* MenuItem.swift in Sources */,
				71A70A542B8C923400F6346B /* SettingsView.swift in Sources */,
				7153D5992BAC29F300955703 /* HabitViewModel.swift in Sources */,
			);
			runOnlyForDeploymentPostprocessing = 0;
		};
		71550D172B888CE20045E7BC /* Sources */ = {
			isa = PBXSourcesBuildPhase;
			buildActionMask = 2147483647;
			files = (
				71550D202B888CE20045E7BC /* MeCheckTests.swift in Sources */,
			);
			runOnlyForDeploymentPostprocessing = 0;
		};
		71550D212B888CE20045E7BC /* Sources */ = {
			isa = PBXSourcesBuildPhase;
			buildActionMask = 2147483647;
			files = (
				71550D2A2B888CE20045E7BC /* MeCheckUITests.swift in Sources */,
				71550D2C2B888CE20045E7BC /* MeCheckUITestsLaunchTests.swift in Sources */,
			);
			runOnlyForDeploymentPostprocessing = 0;
		};
/* End PBXSourcesBuildPhase section */

/* Begin PBXTargetDependency section */
		71550D1D2B888CE20045E7BC /* PBXTargetDependency */ = {
			isa = PBXTargetDependency;
			target = 71550D032B888CE10045E7BC /* MeCheck */;
			targetProxy = 71550D1C2B888CE20045E7BC /* PBXContainerItemProxy */;
		};
		71550D272B888CE20045E7BC /* PBXTargetDependency */ = {
			isa = PBXTargetDependency;
			target = 71550D032B888CE10045E7BC /* MeCheck */;
			targetProxy = 71550D262B888CE20045E7BC /* PBXContainerItemProxy */;
		};
/* End PBXTargetDependency section */

/* Begin PBXVariantGroup section */
		7175EAA02BA8A0B700507B57 /* Quotes.json */ = {
			isa = PBXVariantGroup;
			children = (
				7175EA9F2BA8A0B700507B57 /* en */,
				7175EAA12BA8A0BC00507B57 /* zh-Hans */,
				7175EAA22BA8A0BD00507B57 /* da */,
				7175EAA32BA8A0BE00507B57 /* fi */,
				7175EAA42BA8A0BF00507B57 /* fr */,
				7175EAA52BA8A0C000507B57 /* de */,
				7175EAA62BA8A0C100507B57 /* it */,
				7175EAA72BA8A0C200507B57 /* ja */,
				7175EAA82BA8A0C400507B57 /* ko */,
				7175EAA92BA8A0C400507B57 /* nb */,
				7175EAAA2BA8A0C500507B57 /* pl */,
				7175EAAB2BA8A0C600507B57 /* pt */,
				7175EAAC2BA8A0C600507B57 /* es */,
				7175EAAD2BA8A0C700507B57 /* sv */,
				7175EAAE2BA8A19200507B57 /* Base */,
			);
			name = Quotes.json;
			sourceTree = "<group>";
		};
/* End PBXVariantGroup section */

/* Begin XCBuildConfiguration section */
		71550D2D2B888CE20045E7BC /* Debug */ = {
			isa = XCBuildConfiguration;
			buildSettings = {
				ALWAYS_SEARCH_USER_PATHS = NO;
				ASSETCATALOG_COMPILER_GENERATE_SWIFT_ASSET_SYMBOL_EXTENSIONS = YES;
				CLANG_ANALYZER_NONNULL = YES;
				CLANG_ANALYZER_NUMBER_OBJECT_CONVERSION = YES_AGGRESSIVE;
				CLANG_CXX_LANGUAGE_STANDARD = "gnu++20";
				CLANG_ENABLE_MODULES = YES;
				CLANG_ENABLE_OBJC_ARC = YES;
				CLANG_ENABLE_OBJC_WEAK = YES;
				CLANG_WARN_BLOCK_CAPTURE_AUTORELEASING = YES;
				CLANG_WARN_BOOL_CONVERSION = YES;
				CLANG_WARN_COMMA = YES;
				CLANG_WARN_CONSTANT_CONVERSION = YES;
				CLANG_WARN_DEPRECATED_OBJC_IMPLEMENTATIONS = YES;
				CLANG_WARN_DIRECT_OBJC_ISA_USAGE = YES_ERROR;
				CLANG_WARN_DOCUMENTATION_COMMENTS = YES;
				CLANG_WARN_EMPTY_BODY = YES;
				CLANG_WARN_ENUM_CONVERSION = YES;
				CLANG_WARN_INFINITE_RECURSION = YES;
				CLANG_WARN_INT_CONVERSION = YES;
				CLANG_WARN_NON_LITERAL_NULL_CONVERSION = YES;
				CLANG_WARN_OBJC_IMPLICIT_RETAIN_SELF = YES;
				CLANG_WARN_OBJC_LITERAL_CONVERSION = YES;
				CLANG_WARN_OBJC_ROOT_CLASS = YES_ERROR;
				CLANG_WARN_QUOTED_INCLUDE_IN_FRAMEWORK_HEADER = YES;
				CLANG_WARN_RANGE_LOOP_ANALYSIS = YES;
				CLANG_WARN_STRICT_PROTOTYPES = YES;
				CLANG_WARN_SUSPICIOUS_MOVE = YES;
				CLANG_WARN_UNGUARDED_AVAILABILITY = YES_AGGRESSIVE;
				CLANG_WARN_UNREACHABLE_CODE = YES;
				CLANG_WARN__DUPLICATE_METHOD_MATCH = YES;
				COPY_PHASE_STRIP = NO;
				DEBUG_INFORMATION_FORMAT = dwarf;
				ENABLE_STRICT_OBJC_MSGSEND = YES;
				ENABLE_TESTABILITY = YES;
				ENABLE_USER_SCRIPT_SANDBOXING = YES;
				GCC_C_LANGUAGE_STANDARD = gnu17;
				GCC_DYNAMIC_NO_PIC = NO;
				GCC_NO_COMMON_BLOCKS = YES;
				GCC_OPTIMIZATION_LEVEL = 0;
				GCC_PREPROCESSOR_DEFINITIONS = (
					"DEBUG=1",
					"$(inherited)",
				);
				GCC_WARN_64_TO_32_BIT_CONVERSION = YES;
				GCC_WARN_ABOUT_RETURN_TYPE = YES_ERROR;
				GCC_WARN_UNDECLARED_SELECTOR = YES;
				GCC_WARN_UNINITIALIZED_AUTOS = YES_AGGRESSIVE;
				GCC_WARN_UNUSED_FUNCTION = YES;
				GCC_WARN_UNUSED_VARIABLE = YES;
				IPHONEOS_DEPLOYMENT_TARGET = 17.2;
				LOCALIZATION_PREFERS_STRING_CATALOGS = YES;
				MTL_ENABLE_DEBUG_INFO = INCLUDE_SOURCE;
				MTL_FAST_MATH = YES;
				ONLY_ACTIVE_ARCH = YES;
				SDKROOT = iphoneos;
				SWIFT_ACTIVE_COMPILATION_CONDITIONS = "DEBUG $(inherited)";
				SWIFT_OPTIMIZATION_LEVEL = "-Onone";
			};
			name = Debug;
		};
		71550D2E2B888CE20045E7BC /* Release */ = {
			isa = XCBuildConfiguration;
			buildSettings = {
				ALWAYS_SEARCH_USER_PATHS = NO;
				ASSETCATALOG_COMPILER_GENERATE_SWIFT_ASSET_SYMBOL_EXTENSIONS = YES;
				CLANG_ANALYZER_NONNULL = YES;
				CLANG_ANALYZER_NUMBER_OBJECT_CONVERSION = YES_AGGRESSIVE;
				CLANG_CXX_LANGUAGE_STANDARD = "gnu++20";
				CLANG_ENABLE_MODULES = YES;
				CLANG_ENABLE_OBJC_ARC = YES;
				CLANG_ENABLE_OBJC_WEAK = YES;
				CLANG_WARN_BLOCK_CAPTURE_AUTORELEASING = YES;
				CLANG_WARN_BOOL_CONVERSION = YES;
				CLANG_WARN_COMMA = YES;
				CLANG_WARN_CONSTANT_CONVERSION = YES;
				CLANG_WARN_DEPRECATED_OBJC_IMPLEMENTATIONS = YES;
				CLANG_WARN_DIRECT_OBJC_ISA_USAGE = YES_ERROR;
				CLANG_WARN_DOCUMENTATION_COMMENTS = YES;
				CLANG_WARN_EMPTY_BODY = YES;
				CLANG_WARN_ENUM_CONVERSION = YES;
				CLANG_WARN_INFINITE_RECURSION = YES;
				CLANG_WARN_INT_CONVERSION = YES;
				CLANG_WARN_NON_LITERAL_NULL_CONVERSION = YES;
				CLANG_WARN_OBJC_IMPLICIT_RETAIN_SELF = YES;
				CLANG_WARN_OBJC_LITERAL_CONVERSION = YES;
				CLANG_WARN_OBJC_ROOT_CLASS = YES_ERROR;
				CLANG_WARN_QUOTED_INCLUDE_IN_FRAMEWORK_HEADER = YES;
				CLANG_WARN_RANGE_LOOP_ANALYSIS = YES;
				CLANG_WARN_STRICT_PROTOTYPES = YES;
				CLANG_WARN_SUSPICIOUS_MOVE = YES;
				CLANG_WARN_UNGUARDED_AVAILABILITY = YES_AGGRESSIVE;
				CLANG_WARN_UNREACHABLE_CODE = YES;
				CLANG_WARN__DUPLICATE_METHOD_MATCH = YES;
				COPY_PHASE_STRIP = NO;
				DEBUG_INFORMATION_FORMAT = "dwarf-with-dsym";
				ENABLE_NS_ASSERTIONS = NO;
				ENABLE_STRICT_OBJC_MSGSEND = YES;
				ENABLE_USER_SCRIPT_SANDBOXING = YES;
				GCC_C_LANGUAGE_STANDARD = gnu17;
				GCC_NO_COMMON_BLOCKS = YES;
				GCC_WARN_64_TO_32_BIT_CONVERSION = YES;
				GCC_WARN_ABOUT_RETURN_TYPE = YES_ERROR;
				GCC_WARN_UNDECLARED_SELECTOR = YES;
				GCC_WARN_UNINITIALIZED_AUTOS = YES_AGGRESSIVE;
				GCC_WARN_UNUSED_FUNCTION = YES;
				GCC_WARN_UNUSED_VARIABLE = YES;
				IPHONEOS_DEPLOYMENT_TARGET = 17.2;
				LOCALIZATION_PREFERS_STRING_CATALOGS = YES;
				MTL_ENABLE_DEBUG_INFO = NO;
				MTL_FAST_MATH = YES;
				SDKROOT = iphoneos;
				SWIFT_COMPILATION_MODE = wholemodule;
				VALIDATE_PRODUCT = YES;
			};
			name = Release;
		};
		71550D302B888CE20045E7BC /* Debug */ = {
			isa = XCBuildConfiguration;
			buildSettings = {
				ASSETCATALOG_COMPILER_APPICON_NAME = AppIcon;
				ASSETCATALOG_COMPILER_GLOBAL_ACCENT_COLOR_NAME = AccentColor;
				CODE_SIGN_ENTITLEMENTS = MeCheck/MeCheck.entitlements;
				CODE_SIGN_STYLE = Manual;
				CURRENT_PROJECT_VERSION = 1;
				DEVELOPMENT_ASSET_PATHS = "\"MeCheck/Preview Content\"";
				DEVELOPMENT_TEAM = "";
				ENABLE_PREVIEWS = YES;
				GENERATE_INFOPLIST_FILE = YES;
				INFOPLIST_FILE = MeCheck/Info.plist;
				INFOPLIST_KEY_UIApplicationSceneManifest_Generation = YES;
				INFOPLIST_KEY_UIApplicationSupportsIndirectInputEvents = YES;
				INFOPLIST_KEY_UILaunchScreen_Generation = YES;
				INFOPLIST_KEY_UISupportedInterfaceOrientations_iPad = "UIInterfaceOrientationPortrait UIInterfaceOrientationPortraitUpsideDown UIInterfaceOrientationLandscapeLeft UIInterfaceOrientationLandscapeRight";
				INFOPLIST_KEY_UISupportedInterfaceOrientations_iPhone = "UIInterfaceOrientationPortrait UIInterfaceOrientationLandscapeLeft UIInterfaceOrientationLandscapeRight";
				IPHONEOS_DEPLOYMENT_TARGET = 16.0;
				LD_RUNPATH_SEARCH_PATHS = (
					"$(inherited)",
					"@executable_path/Frameworks",
				);
				MARKETING_VERSION = 1.0;
				PRODUCT_BUNDLE_IDENTIFIER = com.introspect.MeCheck;
				PRODUCT_NAME = "$(TARGET_NAME)";
				PROVISIONING_PROFILE_SPECIFIER = "";
				SWIFT_EMIT_LOC_STRINGS = YES;
				SWIFT_VERSION = 5.0;
				TARGETED_DEVICE_FAMILY = "1,2";
			};
			name = Debug;
		};
		71550D312B888CE20045E7BC /* Release */ = {
			isa = XCBuildConfiguration;
			buildSettings = {
				ASSETCATALOG_COMPILER_APPICON_NAME = AppIcon;
				ASSETCATALOG_COMPILER_GLOBAL_ACCENT_COLOR_NAME = AccentColor;
				CODE_SIGN_ENTITLEMENTS = MeCheck/MeCheck.entitlements;
				CODE_SIGN_STYLE = Manual;
				CURRENT_PROJECT_VERSION = 1;
				DEVELOPMENT_ASSET_PATHS = "\"MeCheck/Preview Content\"";
				DEVELOPMENT_TEAM = "";
				ENABLE_PREVIEWS = YES;
				GENERATE_INFOPLIST_FILE = YES;
				INFOPLIST_FILE = MeCheck/Info.plist;
				INFOPLIST_KEY_UIApplicationSceneManifest_Generation = YES;
				INFOPLIST_KEY_UIApplicationSupportsIndirectInputEvents = YES;
				INFOPLIST_KEY_UILaunchScreen_Generation = YES;
				INFOPLIST_KEY_UISupportedInterfaceOrientations_iPad = "UIInterfaceOrientationPortrait UIInterfaceOrientationPortraitUpsideDown UIInterfaceOrientationLandscapeLeft UIInterfaceOrientationLandscapeRight";
				INFOPLIST_KEY_UISupportedInterfaceOrientations_iPhone = "UIInterfaceOrientationPortrait UIInterfaceOrientationLandscapeLeft UIInterfaceOrientationLandscapeRight";
				IPHONEOS_DEPLOYMENT_TARGET = 16.0;
				LD_RUNPATH_SEARCH_PATHS = (
					"$(inherited)",
					"@executable_path/Frameworks",
				);
				MARKETING_VERSION = 1.0;
				PRODUCT_BUNDLE_IDENTIFIER = com.introspect.MeCheck;
				PRODUCT_NAME = "$(TARGET_NAME)";
				PROVISIONING_PROFILE_SPECIFIER = "";
				SWIFT_EMIT_LOC_STRINGS = YES;
				SWIFT_VERSION = 5.0;
				TARGETED_DEVICE_FAMILY = "1,2";
			};
			name = Release;
		};
		71550D332B888CE20045E7BC /* Debug */ = {
			isa = XCBuildConfiguration;
			buildSettings = {
				ALWAYS_EMBED_SWIFT_STANDARD_LIBRARIES = YES;
				BUNDLE_LOADER = "$(TEST_HOST)";
				CODE_SIGN_STYLE = Automatic;
				CURRENT_PROJECT_VERSION = 1;
				DEVELOPMENT_TEAM = 4HRM38MV69;
				GENERATE_INFOPLIST_FILE = YES;
				IPHONEOS_DEPLOYMENT_TARGET = 17.2;
				MARKETING_VERSION = 1.0;
				PRODUCT_BUNDLE_IDENTIFIER = com.introspect.MeCheckTests;
				PRODUCT_NAME = "$(TARGET_NAME)";
				SWIFT_EMIT_LOC_STRINGS = NO;
				SWIFT_VERSION = 5.0;
				TARGETED_DEVICE_FAMILY = "1,2";
				TEST_HOST = "$(BUILT_PRODUCTS_DIR)/MeCheck.app/$(BUNDLE_EXECUTABLE_FOLDER_PATH)/MeCheck";
			};
			name = Debug;
		};
		71550D342B888CE20045E7BC /* Release */ = {
			isa = XCBuildConfiguration;
			buildSettings = {
				ALWAYS_EMBED_SWIFT_STANDARD_LIBRARIES = YES;
				BUNDLE_LOADER = "$(TEST_HOST)";
				CODE_SIGN_STYLE = Automatic;
				CURRENT_PROJECT_VERSION = 1;
				DEVELOPMENT_TEAM = 4HRM38MV69;
				GENERATE_INFOPLIST_FILE = YES;
				IPHONEOS_DEPLOYMENT_TARGET = 17.2;
				MARKETING_VERSION = 1.0;
				PRODUCT_BUNDLE_IDENTIFIER = com.introspect.MeCheckTests;
				PRODUCT_NAME = "$(TARGET_NAME)";
				SWIFT_EMIT_LOC_STRINGS = NO;
				SWIFT_VERSION = 5.0;
				TARGETED_DEVICE_FAMILY = "1,2";
				TEST_HOST = "$(BUILT_PRODUCTS_DIR)/MeCheck.app/$(BUNDLE_EXECUTABLE_FOLDER_PATH)/MeCheck";
			};
			name = Release;
		};
		71550D362B888CE20045E7BC /* Debug */ = {
			isa = XCBuildConfiguration;
			buildSettings = {
				ALWAYS_EMBED_SWIFT_STANDARD_LIBRARIES = YES;
				CODE_SIGN_STYLE = Automatic;
				CURRENT_PROJECT_VERSION = 1;
				DEVELOPMENT_TEAM = 4HRM38MV69;
				GENERATE_INFOPLIST_FILE = YES;
				MARKETING_VERSION = 1.0;
				PRODUCT_BUNDLE_IDENTIFIER = com.introspect.MeCheckUITests;
				PRODUCT_NAME = "$(TARGET_NAME)";
				SWIFT_EMIT_LOC_STRINGS = NO;
				SWIFT_VERSION = 5.0;
				TARGETED_DEVICE_FAMILY = "1,2";
				TEST_TARGET_NAME = MeCheck;
			};
			name = Debug;
		};
		71550D372B888CE20045E7BC /* Release */ = {
			isa = XCBuildConfiguration;
			buildSettings = {
				ALWAYS_EMBED_SWIFT_STANDARD_LIBRARIES = YES;
				CODE_SIGN_STYLE = Automatic;
				CURRENT_PROJECT_VERSION = 1;
				DEVELOPMENT_TEAM = 4HRM38MV69;
				GENERATE_INFOPLIST_FILE = YES;
				MARKETING_VERSION = 1.0;
				PRODUCT_BUNDLE_IDENTIFIER = com.introspect.MeCheckUITests;
				PRODUCT_NAME = "$(TARGET_NAME)";
				SWIFT_EMIT_LOC_STRINGS = NO;
				SWIFT_VERSION = 5.0;
				TARGETED_DEVICE_FAMILY = "1,2";
				TEST_TARGET_NAME = MeCheck;
			};
			name = Release;
		};
/* End XCBuildConfiguration section */

/* Begin XCConfigurationList section */
		71550CFF2B888CE10045E7BC /* Build configuration list for PBXProject "MeCheck" */ = {
			isa = XCConfigurationList;
			buildConfigurations = (
				71550D2D2B888CE20045E7BC /* Debug */,
				71550D2E2B888CE20045E7BC /* Release */,
			);
			defaultConfigurationIsVisible = 0;
			defaultConfigurationName = Release;
		};
		71550D2F2B888CE20045E7BC /* Build configuration list for PBXNativeTarget "MeCheck" */ = {
			isa = XCConfigurationList;
			buildConfigurations = (
				71550D302B888CE20045E7BC /* Debug */,
				71550D312B888CE20045E7BC /* Release */,
			);
			defaultConfigurationIsVisible = 0;
			defaultConfigurationName = Release;
		};
		71550D322B888CE20045E7BC /* Build configuration list for PBXNativeTarget "MeCheckTests" */ = {
			isa = XCConfigurationList;
			buildConfigurations = (
				71550D332B888CE20045E7BC /* Debug */,
				71550D342B888CE20045E7BC /* Release */,
			);
			defaultConfigurationIsVisible = 0;
			defaultConfigurationName = Release;
		};
		71550D352B888CE20045E7BC /* Build configuration list for PBXNativeTarget "MeCheckUITests" */ = {
			isa = XCConfigurationList;
			buildConfigurations = (
				71550D362B888CE20045E7BC /* Debug */,
				71550D372B888CE20045E7BC /* Release */,
			);
			defaultConfigurationIsVisible = 0;
			defaultConfigurationName = Release;
		};
/* End XCConfigurationList section */

/* Begin XCVersionGroup section */
		71550D122B888CE20045E7BC /* MeCheck.xcdatamodeld */ = {
			isa = XCVersionGroup;
			children = (
				71550D132B888CE20045E7BC /* MeCheck.xcdatamodel */,
			);
			currentVersion = 71550D132B888CE20045E7BC /* MeCheck.xcdatamodel */;
			path = MeCheck.xcdatamodeld;
			sourceTree = "<group>";
			versionGroupType = wrapper.xcdatamodel;
		};
/* End XCVersionGroup section */
	};
	rootObject = 71550CFC2B888CE10045E7BC /* Project object */;
}
